
Microsoft Visual Studio Solution File, Format Version 12.00
# Visual Studio Version 16
VisualStudioVersion = 16.0.29609.76
MinimumVisualStudioVersion = 10.0.40219.1
Project("{E24C65DC-7377-472B-9ABA-BC803B73C61A}") = "qBlogEngine", "qBlogEngine\", "{D9D36064-675E-4EB4-AE84-37D194257540}"
	ProjectSection(WebsiteProperties) = preProject
		TargetFrameworkMoniker = ".NETFramework,Version%3Dv4.5"
		Debug.AspNetCompiler.VirtualPath = "/localhost_50008"
		Debug.AspNetCompiler.PhysicalPath = "qBlogEngine\"
		Debug.AspNetCompiler.TargetPath = "PrecompiledWeb\localhost_50008\"
		Debug.AspNetCompiler.Updateable = "true"
		Debug.AspNetCompiler.ForceOverwrite = "true"
		Debug.AspNetCompiler.FixedNames = "false"
		Debug.AspNetCompiler.Debug = "True"
		Release.AspNetCompiler.VirtualPath = "/localhost_50008"
		Release.AspNetCompiler.PhysicalPath = "qBlogEngine\"
		Release.AspNetCompiler.TargetPath = "PrecompiledWeb\localhost_50008\"
		Release.AspNetCompiler.Updateable = "true"
		Release.AspNetCompiler.ForceOverwrite = "true"
		Release.AspNetCompiler.FixedNames = "false"
		Release.AspNetCompiler.Debug = "False"
		VWDPort = "50008"
		SlnRelativePath = "qBlogEngine\"
		DefaultWebSiteLanguage = "Visual Basic"
	EndProjectSection
EndProject
Global
	GlobalSection(SolutionConfigurationPlatforms) = preSolution
		Debug|Any CPU = Debug|Any CPU
	EndGlobalSection
	GlobalSection(ProjectConfigurationPlatforms) = postSolution
		{D9D36064-675E-4EB4-AE84-37D194257540}.Debug|Any CPU.ActiveCfg = Debug|Any CPU
		{D9D36064-675E-4EB4-AE84-37D194257540}.Debug|Any CPU.Build.0 = Debug|Any CPU
	EndGlobalSection
	GlobalSection(SolutionProperties) = preSolution
		HideSolutionNode = FALSE
	EndGlobalSection
	GlobalSection(ExtensibilityGlobals) = postSolution
		SolutionGuid = {C58ECF4F-1195-47C6-9DB6-51B9C0B89A18}
	EndGlobalSection
EndGlobal
